{
  "name": "quantumplaytime.github.io",
  "version": "1.0.0",
  "lockfileVersion": 2,
  "requires": true,
  "packages": {
    "": {
      "name": "quantumplaytime.github.io",
      "version": "1.0.0",
      "license": "ISC",
      "dependencies": {
        "bulma": "^1.0.2"
      }
    },
    "node_modules/bulma": {
      "version": "1.0.2",
      "resolved": "https://registry.npmjs.org/bulma/-/bulma-1.0.2.tgz",
      "integrity": "sha512-D7GnDuF6seb6HkcnRMM9E739QpEY9chDzzeFrHMyEns/EXyDJuQ0XA0KxbBl/B2NTsKSoDomW61jFGFaAxhK5A=="
    }
  },
  "dependencies": {
    "bulma": {
      "version": "1.0.2",
      "resolved": "https://registry.npmjs.org/bulma/-/bulma-1.0.2.tgz",
      "integrity": "sha512-D7GnDuF6seb6HkcnRMM9E739QpEY9chDzzeFrHMyEns/EXyDJuQ0XA0KxbBl/B2NTsKSoDomW61jFGFaAxhK5A=="
    }
  }
}
